
Microsoft Visual Studio Solution File, Format Version 12.00
# Visual Studio Version 17
VisualStudioVersion = 17.2.32901.213
MinimumVisualStudioVersion = 10.0.40219.1
Project("{9A19103F-16F7-4668-BE54-9A1E7A4F7556}") = "MayCatSystem.WebUI", "MayCatSystem.WebUI\MayCatSystem.WebUI.csproj", "{5EE72BAB-CFDE-4D71-B279-5CA82B6859AF}"
EndProject
Project("{2150E333-8FDC-42A3-9474-1A3956D46DE8}") = "4.TEST", "4.TEST", "{4783D722-67B0-4A66-AE92-C8D7639394E5}"
EndProject
Project("{2150E333-8FDC-42A3-9474-1A3956D46DE8}") = "1.WebUI", "1.WebUI", "{6B48CA8A-F6A4-442F-ACE9-8E1EE44D1070}"
EndProject
Project("{FAE04EC0-301F-11D3-BF4B-00C04F79EFBC}") = "WindowsFormsApp1", "WindowsFormsApp1\WindowsFormsApp1.csproj", "{89DD2061-1F59-4F90-98B5-F457C377E618}"
EndProject
Project("{FAE04EC0-301F-11D3-BF4B-00C04F79EFBC}") = "OpcHelper", "OpcHelper\OpcHelper.csproj", "{DEE753EA-CFE9-401A-96D6-EE39513A57E5}"
EndProject
Project("{2150E333-8FDC-42A3-9474-1A3956D46DE8}") = "3.Share", "3.Share", "{2D8E4A1A-3046-4E3E-A829-1393313E0970}"
EndProject
Project("{FAE04EC0-301F-11D3-BF4B-00C04F79EFBC}") = "OpcHelper.Tests", "OpcHelper.Tests\OpcHelper.Tests.csproj", "{927A5132-E0BC-40C3-AE2C-1BC30138EE48}"
EndProject
Global
	GlobalSection(SolutionConfigurationPlatforms) = preSolution
		Debug|Any CPU = Debug|Any CPU
		Release|Any CPU = Release|Any CPU
	EndGlobalSection
	GlobalSection(ProjectConfigurationPlatforms) = postSolution
		{5EE72BAB-CFDE-4D71-B279-5CA82B6859AF}.Debug|Any CPU.ActiveCfg = Debug|Any CPU
		{5EE72BAB-CFDE-4D71-B279-5CA82B6859AF}.Debug|Any CPU.Build.0 = Debug|Any CPU
		{5EE72BAB-CFDE-4D71-B279-5CA82B6859AF}.Release|Any CPU.ActiveCfg = Release|Any CPU
		{5EE72BAB-CFDE-4D71-B279-5CA82B6859AF}.Release|Any CPU.Build.0 = Release|Any CPU
		{89DD2061-1F59-4F90-98B5-F457C377E618}.Debug|Any CPU.ActiveCfg = Debug|Any CPU
		{89DD2061-1F59-4F90-98B5-F457C377E618}.Debug|Any CPU.Build.0 = Debug|Any CPU
		{89DD2061-1F59-4F90-98B5-F457C377E618}.Release|Any CPU.ActiveCfg = Release|Any CPU
		{89DD2061-1F59-4F90-98B5-F457C377E618}.Release|Any CPU.Build.0 = Release|Any CPU
		{DEE753EA-CFE9-401A-96D6-EE39513A57E5}.Debug|Any CPU.ActiveCfg = Debug|Any CPU
		{DEE753EA-CFE9-401A-96D6-EE39513A57E5}.Debug|Any CPU.Build.0 = Debug|Any CPU
		{DEE753EA-CFE9-401A-96D6-EE39513A57E5}.Release|Any CPU.ActiveCfg = Release|Any CPU
		{DEE753EA-CFE9-401A-96D6-EE39513A57E5}.Release|Any CPU.Build.0 = Release|Any CPU
		{927A5132-E0BC-40C3-AE2C-1BC30138EE48}.Debug|Any CPU.ActiveCfg = Debug|Any CPU
		{927A5132-E0BC-40C3-AE2C-1BC30138EE48}.Debug|Any CPU.Build.0 = Debug|Any CPU
		{927A5132-E0BC-40C3-AE2C-1BC30138EE48}.Release|Any CPU.ActiveCfg = Release|Any CPU
		{927A5132-E0BC-40C3-AE2C-1BC30138EE48}.Release|Any CPU.Build.0 = Release|Any CPU
	EndGlobalSection
	GlobalSection(SolutionProperties) = preSolution
		HideSolutionNode = FALSE
	EndGlobalSection
	GlobalSection(NestedProjects) = preSolution
		{5EE72BAB-CFDE-4D71-B279-5CA82B6859AF} = {6B48CA8A-F6A4-442F-ACE9-8E1EE44D1070}
		{89DD2061-1F59-4F90-98B5-F457C377E618} = {4783D722-67B0-4A66-AE92-C8D7639394E5}
		{DEE753EA-CFE9-401A-96D6-EE39513A57E5} = {2D8E4A1A-3046-4E3E-A829-1393313E0970}
		{927A5132-E0BC-40C3-AE2C-1BC30138EE48} = {4783D722-67B0-4A66-AE92-C8D7639394E5}
	EndGlobalSection
	GlobalSection(ExtensibilityGlobals) = postSolution
		SolutionGuid = {41DC951A-9188-4EFD-B7E6-EBCFCABE47D8}
	EndGlobalSection
EndGlobal
